# THIS IS AN AUTOGENERATED FILE. DO NOT EDIT THIS FILE DIRECTLY.
# yarn lockfile v1


"@remix-run/router@1.0.1":
  version "1.0.1"
  resolved "https://registry.yarnpkg.com/@remix-run/router/-/router-1.0.1.tgz#88d7ac31811ab0cef14aaaeae2a0474923b278bc"
  integrity sha512-eBV5rvW4dRFOU1eajN7FmYxjAIVz/mRHgUE9En9mBn6m3mulK3WTR5C3iQhL9MZ14rWAq+xOlEaCkDiW0/heOg==

bootstrap@^5.2.1:
  version "5.2.1"
  resolved "https://registry.yarnpkg.com/bootstrap/-/bootstrap-5.2.1.tgz#45f97ff05cbe828bad807b014d8425f3aeb8ec3a"
  integrity sha512-UQi3v2NpVPEi1n35dmRRzBJFlgvWHYwyem6yHhuT6afYF+sziEt46McRbT//kVXZ7b1YUYEVGdXEH74Nx3xzGA==

jquery@^3.6.1:
  version "3.6.1"
  resolved "https://registry.yarnpkg.com/jquery/-/jquery-3.6.1.tgz#fab0408f8b45fc19f956205773b62b292c147a16"
  integrity sha512-opJeO4nCucVnsjiXOE+/PcCgYw9Gwpvs/a6B1LL/lQhwWwpbVEVYDZ1FokFr8PRc7ghYlrFPuyHuiiDNTQxmcw==

popper.js@^1.16.1:
  version "1.16.1"
  resolved "https://registry.yarnpkg.com/popper.js/-/popper.js-1.16.1.tgz#2a223cb3dc7b6213d740e40372be40de43e65b1b"
  integrity sha512-Wb4p1J4zyFTbM+u6WuO4XstYx4Ky9Cewe4DWrel7B0w6VVICvPwdOpotjzcf6eD8TsckVnIMNONQyPIUFOUbCQ==

react-router-dom@^6.4.1:
  version "6.4.1"
  resolved "https://registry.yarnpkg.com/react-router-dom/-/react-router-dom-6.4.1.tgz#99c9b7c4967890701c888517475aa5d54d25760e"
  integrity sha512-MY7NJCrGNVJtGp8ODMOBHu20UaIkmwD2V3YsAOUQoCXFk7Ppdwf55RdcGyrSj+ycSL9Uiwrb3gTLYSnzcRoXww==
  dependencies:
    "@remix-run/router" "1.0.1"
    react-router "6.4.1"

react-router@6.4.1:
  version "6.4.1"
  resolved "https://registry.yarnpkg.com/react-router/-/react-router-6.4.1.tgz#dd9cc4dfa264751d143a4b6c9d4faa60ab3ce26c"
  integrity sha512-OJASKp5AykDWFewgWUim1vlLr7yfD4vO/h+bSgcP/ix8Md+LMHuAjovA74MQfsfhQJGGN1nHRhwS5qQQbbBt3A==
  dependencies:
    "@remix-run/router" "1.0.1"
